
Microsoft Visual Studio Solution File, Format Version 12.00
# Visual Studio Version 17
VisualStudioVersion = 17.0.32112.339
MinimumVisualStudioVersion = 10.0.40219.1
Project("{FAE04EC0-301F-11D3-BF4B-00C04F79EFBC}") = "LinkedList", "LinkedList\LinkedList.csproj", "{5DFEAEE1-3A82-4A74-ABA1-340C87CB345F}"
EndProject
Global
	GlobalSection(SolutionConfigurationPlatforms) = preSolution
		Debug|Any CPU = Debug|Any CPU
		Release|Any CPU = Release|Any CPU
	EndGlobalSection
	GlobalSection(ProjectConfigurationPlatforms) = postSolution
		{5DFEAEE1-3A82-4A74-ABA1-340C87CB345F}.Debug|Any CPU.ActiveCfg = Debug|Any CPU
		{5DFEAEE1-3A82-4A74-ABA1-340C87CB345F}.Debug|Any CPU.Build.0 = Debug|Any CPU
		{5DFEAEE1-3A82-4A74-ABA1-340C87CB345F}.Release|Any CPU.ActiveCfg = Release|Any CPU
		{5DFEAEE1-3A82-4A74-ABA1-340C87CB345F}.Release|Any CPU.Build.0 = Release|Any CPU
	EndGlobalSection
	GlobalSection(SolutionProperties) = preSolution
		HideSolutionNode = FALSE
	EndGlobalSection
	GlobalSection(ExtensibilityGlobals) = postSolution
		SolutionGuid = {4B9D7A43-49C8-484E-A423-B3E28F5EC1D4}
	EndGlobalSection
EndGlobal
